
Microsoft Visual Studio Solution File, Format Version 12.00
# Visual Studio Version 17
VisualStudioVersion = 17.3.32825.248
MinimumVisualStudioVersion = 10.0.40219.1
Project("{9A19103F-16F7-4668-BE54-9A1E7A4F7556}") = "ThinkTank.API", "ThinkTank.API\ThinkTank.API.csproj", "{C95E807C-1A32-457F-BE00-52E06C0B37C1}"
EndProject
Project("{9A19103F-16F7-4668-BE54-9A1E7A4F7556}") = "ThinkTank.Test", "ThinkTankTest\ThinkTank.Test.csproj", "{03B2EB9C-3F7A-4A78-A067-719F49B8AF98}"
EndProject
Project("{9A19103F-16F7-4668-BE54-9A1E7A4F7556}") = "ThinkTank.Infrastructures", "ThinkTank.Infrastructures\ThinkTank.Infrastructures.csproj", "{869D83BC-C794-4F62-8B36-509B018EA8F4}"
EndProject
Project("{FAE04EC0-301F-11D3-BF4B-00C04F79EFBC}") = "ThinkTank.Domain", "ThinkTank.Domain\ThinkTank.Domain.csproj", "{B0757407-7586-4580-8D55-D532E75AD89F}"
EndProject
Project("{FAE04EC0-301F-11D3-BF4B-00C04F79EFBC}") = "ThinkTank.Application", "ThinkTank.Application\ThinkTank.Application.csproj", "{811F198F-D4E5-43BD-8095-017D6C9B4B9E}"
EndProject
Global
	GlobalSection(SolutionConfigurationPlatforms) = preSolution
		Debug|Any CPU = Debug|Any CPU
		Release|Any CPU = Release|Any CPU
	EndGlobalSection
	GlobalSection(ProjectConfigurationPlatforms) = postSolution
		{C95E807C-1A32-457F-BE00-52E06C0B37C1}.Debug|Any CPU.ActiveCfg = Debug|Any CPU
		{C95E807C-1A32-457F-BE00-52E06C0B37C1}.Debug|Any CPU.Build.0 = Debug|Any CPU
		{C95E807C-1A32-457F-BE00-52E06C0B37C1}.Release|Any CPU.ActiveCfg = Debug|Any CPU
		{C95E807C-1A32-457F-BE00-52E06C0B37C1}.Release|Any CPU.Build.0 = Debug|Any CPU
		{03B2EB9C-3F7A-4A78-A067-719F49B8AF98}.Debug|Any CPU.ActiveCfg = Debug|Any CPU
		{03B2EB9C-3F7A-4A78-A067-719F49B8AF98}.Debug|Any CPU.Build.0 = Debug|Any CPU
		{03B2EB9C-3F7A-4A78-A067-719F49B8AF98}.Release|Any CPU.ActiveCfg = Release|Any CPU
		{03B2EB9C-3F7A-4A78-A067-719F49B8AF98}.Release|Any CPU.Build.0 = Release|Any CPU
		{869D83BC-C794-4F62-8B36-509B018EA8F4}.Debug|Any CPU.ActiveCfg = Debug|Any CPU
		{869D83BC-C794-4F62-8B36-509B018EA8F4}.Debug|Any CPU.Build.0 = Debug|Any CPU
		{869D83BC-C794-4F62-8B36-509B018EA8F4}.Release|Any CPU.ActiveCfg = Release|Any CPU
		{869D83BC-C794-4F62-8B36-509B018EA8F4}.Release|Any CPU.Build.0 = Release|Any CPU
		{B0757407-7586-4580-8D55-D532E75AD89F}.Debug|Any CPU.ActiveCfg = Debug|Any CPU
		{B0757407-7586-4580-8D55-D532E75AD89F}.Debug|Any CPU.Build.0 = Debug|Any CPU
		{B0757407-7586-4580-8D55-D532E75AD89F}.Release|Any CPU.ActiveCfg = Release|Any CPU
		{B0757407-7586-4580-8D55-D532E75AD89F}.Release|Any CPU.Build.0 = Release|Any CPU
		{811F198F-D4E5-43BD-8095-017D6C9B4B9E}.Debug|Any CPU.ActiveCfg = Debug|Any CPU
		{811F198F-D4E5-43BD-8095-017D6C9B4B9E}.Debug|Any CPU.Build.0 = Debug|Any CPU
		{811F198F-D4E5-43BD-8095-017D6C9B4B9E}.Release|Any CPU.ActiveCfg = Release|Any CPU
		{811F198F-D4E5-43BD-8095-017D6C9B4B9E}.Release|Any CPU.Build.0 = Release|Any CPU
	EndGlobalSection
	GlobalSection(SolutionProperties) = preSolution
		HideSolutionNode = FALSE
	EndGlobalSection
	GlobalSection(ExtensibilityGlobals) = postSolution
		SolutionGuid = {4607D5D9-4A8D-4539-AB39-1D8B5B01EFD7}
	EndGlobalSection
EndGlobal
